// !$*UTF8*$!
{
	archiveVersion = 1;
	classes = {
	};
	objectVersion = 46;
	objects = {

/* Begin PBXBuildFile section */
		A78C26081F50E5340049ADE5 /* AppDelegate.swift in Sources */ = {isa = PBXBuildFile; fileRef = A78C26071F50E5340049ADE5 /* AppDelegate.swift */; };
		A78C260A1F50E5340049ADE5 /* ViewController.swift in Sources */ = {isa = PBXBuildFile; fileRef = A78C26091F50E5340049ADE5 /* ViewController.swift */; };
		A78C260D1F50E5340049ADE5 /* Main.storyboard in Resources */ = {isa = PBXBuildFile; fileRef = A78C260B1F50E5340049ADE5 /* Main.storyboard */; };
		A78C260F1F50E5340049ADE5 /* Assets.xcassets in Resources */ = {isa = PBXBuildFile; fileRef = A78C260E1F50E5340049ADE5 /* Assets.xcassets */; };
		A78C26121F50E5340049ADE5 /* LaunchScreen.storyboard in Resources */ = {isa = PBXBuildFile; fileRef = A78C26101F50E5340049ADE5 /* LaunchScreen.storyboard */; };
		A78C261D1F50E5340049ADE5 /* GestureAppTests.swift in Sources */ = {isa = PBXBuildFile; fileRef = A78C261C1F50E5340049ADE5 /* GestureAppTests.swift */; };
		A78C26281F50E5340049ADE5 /* GestureAppUITests.swift in Sources */ = {isa = PBXBuildFile; fileRef = A78C26271F50E5340049ADE5 /* GestureAppUITests.swift */; };
/* End PBXBuildFile section */

/* Begin PBXContainerItemProxy section */
		A78C26191F50E5340049ADE5 /* PBXContainerItemProxy */ = {
			isa = PBXContainerItemProxy;
			containerPortal = A78C25FC1F50E5340049ADE5 /* Project object */;
			proxyType = 1;
			remoteGlobalIDString = A78C26031F50E5340049ADE5;
			remoteInfo = GestureApp;
		};
		A78C26241F50E5340049ADE5 /* PBXContainerItemProxy */ = {
			isa = PBXContainerItemProxy;
			containerPortal = A78C25FC1F50E5340049ADE5 /* Project object */;
			proxyType = 1;
			remoteGlobalIDString = A78C26031F50E5340049ADE5;
			remoteInfo = GestureApp;
		};
/* End PBXContainerItemProxy section */

/* Begin PBXFileReference section */
		A78C26041F50E5340049ADE5 /* GestureApp.app */ = {isa = PBXFileReference; explicitFileType = wrapper.application; includeInIndex = 0; path = GestureApp.app; sourceTree = BUILT_PRODUCTS_DIR; };
		A78C26071F50E5340049ADE5 /* AppDelegate.swift */ = {isa = PBXFileReference; lastKnownFileType = sourcecode.swift; path = AppDelegate.swift; sourceTree = "<group>"; };
		A78C26091F50E5340049ADE5 /* ViewController.swift */ = {isa = PBXFileReference; lastKnownFileType = sourcecode.swift; path = ViewController.swift; sourceTree = "<group>"; };
		A78C260C1F50E5340049ADE5 /* Base */ = {isa = PBXFileReference; lastKnownFileType = file.storyboard; name = Base; path = Base.lproj/Main.storyboard; sourceTree = "<group>"; };
		A78C260E1F50E5340049ADE5 /* Assets.xcassets */ = {isa = PBXFileReference; lastKnownFileType = folder.assetcatalog; path = Assets.xcassets; sourceTree = "<group>"; };
		A78C26111F50E5340049ADE5 /* Base */ = {isa = PBXFileReference; lastKnownFileType = file.storyboard; name = Base; path = Base.lproj/LaunchScreen.storyboard; sourceTree = "<group>"; };
		A78C26131F50E5340049ADE5 /* Info.plist */ = {isa = PBXFileReference; lastKnownFileType = text.plist.xml; path = Info.plist; sourceTree = "<group>"; };
		A78C26181F50E5340049ADE5 /* GestureAppTests.xctest */ = {isa = PBXFileReference; explicitFileType = wrapper.cfbundle; includeInIndex = 0; path = GestureAppTests.xctest; sourceTree = BUILT_PRODUCTS_DIR; };
		A78C261C1F50E5340049ADE5 /* GestureAppTests.swift */ = {isa = PBXFileReference; lastKnownFileType = sourcecode.swift; path = GestureAppTests.swift; sourceTree = "<group>"; };
		A78C261E1F50E5340049ADE5 /* Info.plist */ = {isa = PBXFileReference; lastKnownFileType = text.plist.xml; path = Info.plist; sourceTree = "<group>"; };
		A78C26231F50E5340049ADE5 /* GestureAppUITests.xctest */ = {isa = PBXFileReference; explicitFileType = wrapper.cfbundle; includeInIndex = 0; path = GestureAppUITests.xctest; sourceTree = BUILT_PRODUCTS_DIR; };
		A78C26271F50E5340049ADE5 /* GestureAppUITests.swift */ = {isa = PBXFileReference; lastKnownFileType = sourcecode.swift; path = GestureAppUITests.swift; sourceTree = "<group>"; };
		A78C26291F50E5340049ADE5 /* Info.plist */ = {isa = PBXFileReference; lastKnownFileType = text.plist.xml; path = Info.plist; sourceTree = "<group>"; };
/* End PBXFileReference section */

/* Begin PBXFrameworksBuildPhase section */
		A78C26011F50E5340049ADE5 /* Frameworks */ = {
			isa = PBXFrameworksBuildPhase;
			buildActionMask = 2147483647;
			files = (
			);
			runOnlyForDeploymentPostprocessing = 0;
		};
		A78C26151F50E5340049ADE5 /* Frameworks */ = {
			isa = PBXFrameworksBuildPhase;
			buildActionMask = 2147483647;
			files = (
			);
			runOnlyForDeploymentPostprocessing = 0;
		};
		A78C26201F50E5340049ADE5 /* Frameworks */ = {
			isa = PBXFrameworksBuildPhase;
			buildActionMask = 2147483647;
			files = (
			);
			runOnlyForDeploymentPostprocessing = 0;
		};
/* End PBXFrameworksBuildPhase section */

/* Begin PBXGroup section */
		A78C25FB1F50E5340049ADE5 = {
			isa = PBXGroup;
			children = (
				A78C26061F50E5340049ADE5 /* GestureApp */,
				A78C261B1F50E5340049ADE5 /* GestureAppTests */,
				A78C26261F50E5340049ADE5 /* GestureAppUITests */,
				A78C26051F50E5340049ADE5 /* Products */,
			);
			sourceTree = "<group>";
		};
		A78C26051F50E5340049ADE5 /* Products */ = {
			isa = PBXGroup;
			children = (
				A78C26041F50E5340049ADE5 /* GestureApp.app */,
				A78C26181F50E5340049ADE5 /* GestureAppTests.xctest */,
				A78C26231F50E5340049ADE5 /* GestureAppUITests.xctest */,
			);
			name = Products;
			sourceTree = "<group>";
		};
		A78C26061F50E5340049ADE5 /* GestureApp */ = {
			isa = PBXGroup;
			children = (
				A78C26071F50E5340049ADE5 /* AppDelegate.swift */,
				A78C26091F50E5340049ADE5 /* ViewController.swift */,
				A78C260B1F50E5340049ADE5 /* Main.storyboard */,
				A78C260E1F50E5340049ADE5 /* Assets.xcassets */,
				A78C26101F50E5340049ADE5 /* LaunchScreen.storyboard */,
				A78C26131F50E5340049ADE5 /* Info.plist */,
			);
			path = GestureApp;
			sourceTree = "<group>";
		};
		A78C261B1F50E5340049ADE5 /* GestureAppTests */ = {
			isa = PBXGroup;
			children = (
				A78C261C1F50E5340049ADE5 /* GestureAppTests.swift */,
				A78C261E1F50E5340049ADE5 /* Info.plist */,
			);
			path = GestureAppTests;
			sourceTree = "<group>";
		};
		A78C26261F50E5340049ADE5 /* GestureAppUITests */ = {
			isa = PBXGroup;
			children = (
				A78C26271F50E5340049ADE5 /* GestureAppUITests.swift */,
				A78C26291F50E5340049ADE5 /* Info.plist */,
			);
			path = GestureAppUITests;
			sourceTree = "<group>";
		};
/* End PBXGroup section */

/* Begin PBXNativeTarget section */
		A78C26031F50E5340049ADE5 /* GestureApp */ = {
			isa = PBXNativeTarget;
			buildConfigurationList = A78C262C1F50E5340049ADE5 /* Build configuration list for PBXNativeTarget "GestureApp" */;
			buildPhases = (
				A78C26001F50E5340049ADE5 /* Sources */,
				A78C26011F50E5340049ADE5 /* Frameworks */,
				A78C26021F50E5340049ADE5 /* Resources */,
			);
			buildRules = (
			);
			dependencies = (
			);
			name = GestureApp;
			productName = GestureApp;
			productReference = A78C26041F50E5340049ADE5 /* GestureApp.app */;
			productType = "com.apple.product-type.application";
		};
		A78C26171F50E5340049ADE5 /* GestureAppTests */ = {
			isa = PBXNativeTarget;
			buildConfigurationList = A78C262F1F50E5340049ADE5 /* Build configuration list for PBXNativeTarget "GestureAppTests" */;
			buildPhases = (
				A78C26141F50E5340049ADE5 /* Sources */,
				A78C26151F50E5340049ADE5 /* Frameworks */,
				A78C26161F50E5340049ADE5 /* Resources */,
			);
			buildRules = (
			);
			dependencies = (
				A78C261A1F50E5340049ADE5 /* PBXTargetDependency */,
			);
			name = GestureAppTests;
			productName = GestureAppTests;
			productReference = A78C26181F50E5340049ADE5 /* GestureAppTests.xctest */;
			productType = "com.apple.product-type.bundle.unit-test";
		};
		A78C26221F50E5340049ADE5 /* GestureAppUITests */ = {
			isa = PBXNativeTarget;
			buildConfigurationList = A78C26321F50E5340049ADE5 /* Build configuration list for PBXNativeTarget "GestureAppUITests" */;
			buildPhases = (
				A78C261F1F50E5340049ADE5 /* Sources */,
				A78C26201F50E5340049ADE5 /* Frameworks */,
				A78C26211F50E5340049ADE5 /* Resources */,
			);
			buildRules = (
			);
			dependencies = (
				A78C26251F50E5340049ADE5 /* PBXTargetDependency */,
			);
			name = GestureAppUITests;
			productName = GestureAppUITests;
			productReference = A78C26231F50E5340049ADE5 /* GestureAppUITests.xctest */;
			productType = "com.apple.product-type.bundle.ui-testing";
		};
/* End PBXNativeTarget section */

/* Begin PBXProject section */
		A78C25FC1F50E5340049ADE5 /* Project object */ = {
			isa = PBXProject;
			attributes = {
				LastSwiftUpdateCheck = 0830;
				LastUpgradeCheck = 0830;
				ORGANIZATIONNAME = "Leonardo de Araujo Barnabe";
				TargetAttributes = {
					A78C26031F50E5340049ADE5 = {
						CreatedOnToolsVersion = 8.3.2;
						DevelopmentTeam = 55X7XV56SM;
						ProvisioningStyle = Automatic;
					};
					A78C26171F50E5340049ADE5 = {
						CreatedOnToolsVersion = 8.3.2;
						DevelopmentTeam = 55X7XV56SM;
						ProvisioningStyle = Automatic;
						TestTargetID = A78C26031F50E5340049ADE5;
					};
					A78C26221F50E5340049ADE5 = {
						CreatedOnToolsVersion = 8.3.2;
						DevelopmentTeam = 55X7XV56SM;
						ProvisioningStyle = Automatic;
						TestTargetID = A78C26031F50E5340049ADE5;
					};
				};
			};
			buildConfigurationList = A78C25FF1F50E5340049ADE5 /* Build configuration list for PBXProject "GestureApp" */;
			compatibilityVersion = "Xcode 3.2";
			developmentRegion = English;
			hasScannedForEncodings = 0;
			knownRegions = (
				en,
				Base,
			);
			mainGroup = A78C25FB1F50E5340049ADE5;
			productRefGroup = A78C26051F50E5340049ADE5 /* Products */;
			projectDirPath = "";
			projectRoot = "";
			targets = (
				A78C26031F50E5340049ADE5 /* GestureApp */,
				A78C26171F50E5340049ADE5 /* GestureAppTests */,
				A78C26221F50E5340049ADE5 /* GestureAppUITests */,
			);
		};
/* End PBXProject section */

/* Begin PBXResourcesBuildPhase section */
		A78C26021F50E5340049ADE5 /* Resources */ = {
			isa = PBXResourcesBuildPhase;
			buildActionMask = 2147483647;
			files = (
				A78C26121F50E5340049ADE5 /* LaunchScreen.storyboard in Resources */,
				A78C260F1F50E5340049ADE5 /* Assets.xcassets in Resources */,
				A78C260D1F50E5340049ADE5 /* Main.storyboard in Resources */,
			);
			runOnlyForDeploymentPostprocessing = 0;
		};
		A78C26161F50E5340049ADE5 /* Resources */ = {
			isa = PBXResourcesBuildPhase;
			buildActionMask = 2147483647;
			files = (
			);
			runOnlyForDeploymentPostprocessing = 0;
		};
		A78C26211F50E5340049ADE5 /* Resources */ = {
			isa = PBXResourcesBuildPhase;
			buildActionMask = 2147483647;
			files = (
			);
			runOnlyForDeploymentPostprocessing = 0;
		};
/* End PBXResourcesBuildPhase section */

/* Begin PBXSourcesBuildPhase section */
		A78C26001F50E5340049ADE5 /* Sources */ = {
			isa = PBXSourcesBuildPhase;
			buildActionMask = 2147483647;
			files = (
				A78C260A1F50E5340049ADE5 /* ViewController.swift in Sources */,
				A78C26081F50E5340049ADE5 /* AppDelegate.swift in Sources */,
			);
			runOnlyForDeploymentPostprocessing = 0;
		};
		A78C26141F50E5340049ADE5 /* Sources */ = {
			isa = PBXSourcesBuildPhase;
			buildActionMask = 2147483647;
			files = (
				A78C261D1F50E5340049ADE5 /* GestureAppTests.swift in Sources */,
			);
			runOnlyForDeploymentPostprocessing = 0;
		};
		A78C261F1F50E5340049ADE5 /* Sources */ = {
			isa = PBXSourcesBuildPhase;
			buildActionMask = 2147483647;
			files = (
				A78C26281F50E5340049ADE5 /* GestureAppUITests.swift in Sources */,
			);
			runOnlyForDeploymentPostprocessing = 0;
		};
/* End PBXSourcesBuildPhase section */

/* Begin PBXTargetDependency section */
		A78C261A1F50E5340049ADE5 /* PBXTargetDependency */ = {
			isa = PBXTargetDependency;
			target = A78C26031F50E5340049ADE5 /* GestureApp */;
			targetProxy = A78C26191F50E5340049ADE5 /* PBXContainerItemProxy */;
		};
		A78C26251F50E5340049ADE5 /* PBXTargetDependency */ = {
			isa = PBXTargetDependency;
			target = A78C26031F50E5340049ADE5 /* GestureApp */;
			targetProxy = A78C26241F50E5340049ADE5 /* PBXContainerItemProxy */;
		};
/* End PBXTargetDependency section */

/* Begin PBXVariantGroup section */
		A78C260B1F50E5340049ADE5 /* Main.storyboard */ = {
			isa = PBXVariantGroup;
			children = (
				A78C260C1F50E5340049ADE5 /* Base */,
			);
			name = Main.storyboard;
			sourceTree = "<group>";
		};
		A78C26101F50E5340049ADE5 /* LaunchScreen.storyboard */ = {
			isa = PBXVariantGroup;
			children = (
				A78C26111F50E5340049ADE5 /* Base */,
			);
			name = LaunchScreen.storyboard;
			sourceTree = "<group>";
		};
/* End PBXVariantGroup section */

/* Begin XCBuildConfiguration section */
		A78C262A1F50E5340049ADE5 /* Debug */ = {
			isa = XCBuildConfiguration;
			buildSettings = {
				ALWAYS_SEARCH_USER_PATHS = NO;
				CLANG_ANALYZER_NONNULL = YES;
				CLANG_ANALYZER_NUMBER_OBJECT_CONVERSION = YES_AGGRESSIVE;
				CLANG_CXX_LANGUAGE_STANDARD = "gnu++0x";
				CLANG_CXX_LIBRARY = "libc++";
				CLANG_ENABLE_MODULES = YES;
				CLANG_ENABLE_OBJC_ARC = YES;
				CLANG_WARN_BOOL_CONVERSION = YES;
				CLANG_WARN_CONSTANT_CONVERSION = YES;
				CLANG_WARN_DIRECT_OBJC_ISA_USAGE = YES_ERROR;
				CLANG_WARN_DOCUMENTATION_COMMENTS = YES;
				CLANG_WARN_EMPTY_BODY = YES;
				CLANG_WARN_ENUM_CONVERSION = YES;
				CLANG_WARN_INFINITE_RECURSION = YES;
				CLANG_WARN_INT_CONVERSION = YES;
				CLANG_WARN_OBJC_ROOT_CLASS = YES_ERROR;
				CLANG_WARN_SUSPICIOUS_MOVE = YES;
				CLANG_WARN_UNREACHABLE_CODE = YES;
				CLANG_WARN__DUPLICATE_METHOD_MATCH = YES;
				"CODE_SIGN_IDENTITY[sdk=iphoneos*]" = "iPhone Developer";
				COPY_PHASE_STRIP = NO;
				DEBUG_INFORMATION_FORMAT = dwarf;
				ENABLE_STRICT_OBJC_MSGSEND = YES;
				ENABLE_TESTABILITY = YES;
				GCC_C_LANGUAGE_STANDARD = gnu99;
				GCC_DYNAMIC_NO_PIC = NO;
				GCC_NO_COMMON_BLOCKS = YES;
				GCC_OPTIMIZATION_LEVEL = 0;
				GCC_PREPROCESSOR_DEFINITIONS = (
					"DEBUG=1",
					"$(inherited)",
				);
				GCC_WARN_64_TO_32_BIT_CONVERSION = YES;
				GCC_WARN_ABOUT_RETURN_TYPE = YES_ERROR;
				GCC_WARN_UNDECLARED_SELECTOR = YES;
				GCC_WARN_UNINITIALIZED_AUTOS = YES_AGGRESSIVE;
				GCC_WARN_UNUSED_FUNCTION = YES;
				GCC_WARN_UNUSED_VARIABLE = YES;
				IPHONEOS_DEPLOYMENT_TARGET = 10.3;
				MTL_ENABLE_DEBUG_INFO = YES;
				ONLY_ACTIVE_ARCH = YES;
				SDKROOT = iphoneos;
				SWIFT_ACTIVE_COMPILATION_CONDITIONS = DEBUG;
				SWIFT_OPTIMIZATION_LEVEL = "-Onone";
			};
			name = Debug;
		};
		A78C262B1F50E5340049ADE5 /* Release */ = {
			isa = XCBuildConfiguration;
			buildSettings = {
				ALWAYS_SEARCH_USER_PATHS = NO;
				CLANG_ANALYZER_NONNULL = YES;
				CLANG_ANALYZER_NUMBER_OBJECT_CONVERSION = YES_AGGRESSIVE;
				CLANG_CXX_LANGUAGE_STANDARD = "gnu++0x";
				CLANG_CXX_LIBRARY = "libc++";
				CLANG_ENABLE_MODULES = YES;
				CLANG_ENABLE_OBJC_ARC = YES;
				CLANG_WARN_BOOL_CONVERSION = YES;
				CLANG_WARN_CONSTANT_CONVERSION = YES;
				CLANG_WARN_DIRECT_OBJC_ISA_USAGE = YES_ERROR;
				CLANG_WARN_DOCUMENTATION_COMMENTS = YES;
				CLANG_WARN_EMPTY_BODY = YES;
				CLANG_WARN_ENUM_CONVERSION = YES;
				CLANG_WARN_INFINITE_RECURSION = YES;
				CLANG_WARN_INT_CONVERSION = YES;
				CLANG_WARN_OBJC_ROOT_CLASS = YES_ERROR;
				CLANG_WARN_SUSPICIOUS_MOVE = YES;
				CLANG_WARN_UNREACHABLE_CODE = YES;
				CLANG_WARN__DUPLICATE_METHOD_MATCH = YES;
				"CODE_SIGN_IDENTITY[sdk=iphoneos*]" = "iPhone Developer";
				COPY_PHASE_STRIP = NO;
				DEBUG_INFORMATION_FORMAT = "dwarf-with-dsym";
				ENABLE_NS_ASSERTIONS = NO;
				ENABLE_STRICT_OBJC_MSGSEND = YES;
				GCC_C_LANGUAGE_STANDARD = gnu99;
				GCC_NO_COMMON_BLOCKS = YES;
				GCC_WARN_64_TO_32_BIT_CONVERSION = YES;
				GCC_WARN_ABOUT_RETURN_TYPE = YES_ERROR;
				GCC_WARN_UNDECLARED_SELECTOR = YES;
				GCC_WARN_UNINITIALIZED_AUTOS = YES_AGGRESSIVE;
				GCC_WARN_UNUSED_FUNCTION = YES;
				GCC_WARN_UNUSED_VARIABLE = YES;
				IPHONEOS_DEPLOYMENT_TARGET = 10.3;
				MTL_ENABLE_DEBUG_INFO = NO;
				SDKROOT = iphoneos;
				SWIFT_OPTIMIZATION_LEVEL = "-Owholemodule";
				VALIDATE_PRODUCT = YES;
			};
			name = Release;
		};
		A78C262D1F50E5340049ADE5 /* Debug */ = {
			isa = XCBuildConfiguration;
			buildSettings = {
				ASSETCATALOG_COMPILER_APPICON_NAME = AppIcon;
				DEVELOPMENT_TEAM = 55X7XV56SM;
				INFOPLIST_FILE = GestureApp/Info.plist;
				LD_RUNPATH_SEARCH_PATHS = "$(inherited) @executable_path/Frameworks";
				PRODUCT_BUNDLE_IDENTIFIER = br.unisinos.GestureApp;
				PRODUCT_NAME = "$(TARGET_NAME)";
				SWIFT_VERSION = 3.0;
			};
			name = Debug;
		};
		A78C262E1F50E5340049ADE5 /* Release */ = {
			isa = XCBuildConfiguration;
			buildSettings = {
				ASSETCATALOG_COMPILER_APPICON_NAME = AppIcon;
				DEVELOPMENT_TEAM = 55X7XV56SM;
				INFOPLIST_FILE = GestureApp/Info.plist;
				LD_RUNPATH_SEARCH_PATHS = "$(inherited) @executable_path/Frameworks";
				PRODUCT_BUNDLE_IDENTIFIER = br.unisinos.GestureApp;
				PRODUCT_NAME = "$(TARGET_NAME)";
				SWIFT_VERSION = 3.0;
			};
			name = Release;
		};
		A78C26301F50E5340049ADE5 /* Debug */ = {
			isa = XCBuildConfiguration;
			buildSettings = {
				ALWAYS_EMBED_SWIFT_STANDARD_LIBRARIES = YES;
				BUNDLE_LOADER = "$(TEST_HOST)";
				DEVELOPMENT_TEAM = 55X7XV56SM;
				INFOPLIST_FILE = GestureAppTests/Info.plist;
				LD_RUNPATH_SEARCH_PATHS = "$(inherited) @executable_path/Frameworks @loader_path/Frameworks";
				PRODUCT_BUNDLE_IDENTIFIER = br.unisinos.GestureAppTests;
				PRODUCT_NAME = "$(TARGET_NAME)";
				SWIFT_VERSION = 3.0;
				TEST_HOST = "$(BUILT_PRODUCTS_DIR)/GestureApp.app/GestureApp";
			};
			name = Debug;
		};
		A78C26311F50E5340049ADE5 /* Release */ = {
			isa = XCBuildConfiguration;
			buildSettings = {
				ALWAYS_EMBED_SWIFT_STANDARD_LIBRARIES = YES;
				BUNDLE_LOADER = "$(TEST_HOST)";
				DEVELOPMENT_TEAM = 55X7XV56SM;
				INFOPLIST_FILE = GestureAppTests/Info.plist;
				LD_RUNPATH_SEARCH_PATHS = "$(inherited) @executable_path/Frameworks @loader_path/Frameworks";
				PRODUCT_BUNDLE_IDENTIFIER = br.unisinos.GestureAppTests;
				PRODUCT_NAME = "$(TARGET_NAME)";
				SWIFT_VERSION = 3.0;
				TEST_HOST = "$(BUILT_PRODUCTS_DIR)/GestureApp.app/GestureApp";
			};
			name = Release;
		};
		A78C26331F50E5340049ADE5 /* Debug */ = {
			isa = XCBuildConfiguration;
			buildSettings = {
				ALWAYS_EMBED_SWIFT_STANDARD_LIBRARIES = YES;
				DEVELOPMENT_TEAM = 55X7XV56SM;
				INFOPLIST_FILE = GestureAppUITests/Info.plist;
				LD_RUNPATH_SEARCH_PATHS = "$(inherited) @executable_path/Frameworks @loader_path/Frameworks";
				PRODUCT_BUNDLE_IDENTIFIER = br.unisinos.GestureAppUITests;
				PRODUCT_NAME = "$(TARGET_NAME)";
				SWIFT_VERSION = 3.0;
				TEST_TARGET_NAME = GestureApp;
			};
			name = Debug;
		};
		A78C26341F50E5340049ADE5 /* Release */ = {
			isa = XCBuildConfiguration;
			buildSettings = {
				ALWAYS_EMBED_SWIFT_STANDARD_LIBRARIES = YES;
				DEVELOPMENT_TEAM = 55X7XV56SM;
				INFOPLIST_FILE = GestureAppUITests/Info.plist;
				LD_RUNPATH_SEARCH_PATHS = "$(inherited) @executable_path/Frameworks @loader_path/Frameworks";
				PRODUCT_BUNDLE_IDENTIFIER = br.unisinos.GestureAppUITests;
				PRODUCT_NAME = "$(TARGET_NAME)";
				SWIFT_VERSION = 3.0;
				TEST_TARGET_NAME = GestureApp;
			};
			name = Release;
		};
/* End XCBuildConfiguration section */

/* Begin XCConfigurationList section */
		A78C25FF1F50E5340049ADE5 /* Build configuration list for PBXProject "GestureApp" */ = {
			isa = XCConfigurationList;
			buildConfigurations = (
				A78C262A1F50E5340049ADE5 /* Debug */,
				A78C262B1F50E5340049ADE5 /* Release */,
			);
			defaultConfigurationIsVisible = 0;
			defaultConfigurationName = Release;
		};
		A78C262C1F50E5340049ADE5 /* Build configuration list for PBXNativeTarget "GestureApp" */ = {
			isa = XCConfigurationList;
			buildConfigurations = (
				A78C262D1F50E5340049ADE5 /* Debug */,
				A78C262E1F50E5340049ADE5 /* Release */,
			);
			defaultConfigurationIsVisible = 0;
		};
		A78C262F1F50E5340049ADE5 /* Build configuration list for PBXNativeTarget "GestureAppTests" */ = {
			isa = XCConfigurationList;
			buildConfigurations = (
				A78C26301F50E5340049ADE5 /* Debug */,
				A78C26311F50E5340049ADE5 /* Release */,
			);
			defaultConfigurationIsVisible = 0;
		};
		A78C26321F50E5340049ADE5 /* Build configuration list for PBXNativeTarget "GestureAppUITests" */ = {
			isa = XCConfigurationList;
			buildConfigurations = (
				A78C26331F50E5340049ADE5 /* Debug */,
				A78C26341F50E5340049ADE5 /* Release */,
			);
			defaultConfigurationIsVisible = 0;
		};
/* End XCConfigurationList section */
	};
	rootObject = A78C25FC1F50E5340049ADE5 /* Project object */;
}
